
Microsoft Visual Studio Solution File, Format Version 12.00
# Visual Studio Version 16
VisualStudioVersion = 16.0.30503.244
MinimumVisualStudioVersion = 10.0.40219.1
Project("{FAE04EC0-301F-11D3-BF4B-00C04F79EFBC}") = "ShellSortProject", "ShellSortProject\ShellSortProject.csproj", "{56C0B907-F50C-4888-915F-A1855332F287}"
EndProject
Global
	GlobalSection(SolutionConfigurationPlatforms) = preSolution
		Debug|Any CPU = Debug|Any CPU
		Release|Any CPU = Release|Any CPU
	EndGlobalSection
	GlobalSection(ProjectConfigurationPlatforms) = postSolution
		{56C0B907-F50C-4888-915F-A1855332F287}.Debug|Any CPU.ActiveCfg = Debug|Any CPU
		{56C0B907-F50C-4888-915F-A1855332F287}.Debug|Any CPU.Build.0 = Debug|Any CPU
		{56C0B907-F50C-4888-915F-A1855332F287}.Release|Any CPU.ActiveCfg = Release|Any CPU
		{56C0B907-F50C-4888-915F-A1855332F287}.Release|Any CPU.Build.0 = Release|Any CPU
	EndGlobalSection
	GlobalSection(SolutionProperties) = preSolution
		HideSolutionNode = FALSE
	EndGlobalSection
	GlobalSection(ExtensibilityGlobals) = postSolution
		SolutionGuid = {75D1872C-D835-420F-9E0F-3D2EE9545AE6}
	EndGlobalSection
EndGlobal
